
Microsoft Visual Studio Solution File, Format Version 12.00
# Visual Studio Version 17
VisualStudioVersion = 17.8.34330.188
MinimumVisualStudioVersion = 10.0.40219.1
Project("{FAE04EC0-301F-11D3-BF4B-00C04F79EFBC}") = "LearnJP", "LearnJP.csproj", "{8E2C7F2D-7C44-4F0F-BB1B-0E2E8B7C9101}"
EndProject
Project("{FAE04EC0-301F-11D3-BF4B-00C04F79EFBC}") = "StrategySim", "Tools\StrategySim\StrategySim.csproj", "{D2C6850F-8A26-9293-9E4A-34ABE3DD9A09}"
EndProject
Project("{FAE04EC0-301F-11D3-BF4B-00C04F79EFBC}") = "TtsPregen", "Tools\TtsPregen\TtsPregen.csproj", "{4EECD5B2-DA21-8AF2-25B8-864B33D20D50}"
EndProject
Project("{FAE04EC0-301F-11D3-BF4B-00C04F79EFBC}") = "VocabCleaner", "Tools\VocabCleaner\VocabCleaner.csproj", "{97EFE24D-AA65-9143-A67A-06DC902A277B}"
EndProject
Project("{2150E333-8FDC-42A3-9474-1A3956D46DE8}") = "Tests", "Tests", "{0AB3BF05-4346-4AA6-1389-037BE0695223}"
EndProject
Project("{FAE04EC0-301F-11D3-BF4B-00C04F79EFBC}") = "LearnJP.Tests", "Tests\LearnJP.Tests\LearnJP.Tests.csproj", "{BC348F95-F63E-4339-BA94-D6ADBE38C410}"
EndProject
Global
	GlobalSection(SolutionConfigurationPlatforms) = preSolution
		Debug|Any CPU = Debug|Any CPU
		Debug|ARM = Debug|ARM
		Debug|ARM64 = Debug|ARM64
		Debug|iPhone = Debug|iPhone
		Debug|iPhoneSimulator = Debug|iPhoneSimulator
		Debug|x64 = Debug|x64
		Debug|x86 = Debug|x86
		Release|Any CPU = Release|Any CPU
		Release|ARM = Release|ARM
		Release|ARM64 = Release|ARM64
		Release|iPhone = Release|iPhone
		Release|iPhoneSimulator = Release|iPhoneSimulator
		Release|x64 = Release|x64
		Release|x86 = Release|x86
	EndGlobalSection
	GlobalSection(ProjectConfigurationPlatforms) = postSolution
		{8E2C7F2D-7C44-4F0F-BB1B-0E2E8B7C9101}.Debug|Any CPU.ActiveCfg = Debug|Any CPU
		{8E2C7F2D-7C44-4F0F-BB1B-0E2E8B7C9101}.Debug|Any CPU.Build.0 = Debug|Any CPU
		{8E2C7F2D-7C44-4F0F-BB1B-0E2E8B7C9101}.Debug|Any CPU.Deploy.0 = Debug|Any CPU
		{8E2C7F2D-7C44-4F0F-BB1B-0E2E8B7C9101}.Debug|ARM.ActiveCfg = Debug|Any CPU
		{8E2C7F2D-7C44-4F0F-BB1B-0E2E8B7C9101}.Debug|ARM.Build.0 = Debug|Any CPU
		{8E2C7F2D-7C44-4F0F-BB1B-0E2E8B7C9101}.Debug|ARM.Deploy.0 = Debug|Any CPU
		{8E2C7F2D-7C44-4F0F-BB1B-0E2E8B7C9101}.Debug|ARM64.ActiveCfg = Debug|Any CPU
		{8E2C7F2D-7C44-4F0F-BB1B-0E2E8B7C9101}.Debug|ARM64.Build.0 = Debug|Any CPU
		{8E2C7F2D-7C44-4F0F-BB1B-0E2E8B7C9101}.Debug|ARM64.Deploy.0 = Debug|Any CPU
		{8E2C7F2D-7C44-4F0F-BB1B-0E2E8B7C9101}.Debug|iPhone.ActiveCfg = Debug|Any CPU
		{8E2C7F2D-7C44-4F0F-BB1B-0E2E8B7C9101}.Debug|iPhone.Build.0 = Debug|Any CPU
		{8E2C7F2D-7C44-4F0F-BB1B-0E2E8B7C9101}.Debug|iPhone.Deploy.0 = Debug|Any CPU
		{8E2C7F2D-7C44-4F0F-BB1B-0E2E8B7C9101}.Debug|iPhoneSimulator.ActiveCfg = Debug|Any CPU
		{8E2C7F2D-7C44-4F0F-BB1B-0E2E8B7C9101}.Debug|iPhoneSimulator.Build.0 = Debug|Any CPU
		{8E2C7F2D-7C44-4F0F-BB1B-0E2E8B7C9101}.Debug|iPhoneSimulator.Deploy.0 = Debug|Any CPU
		{8E2C7F2D-7C44-4F0F-BB1B-0E2E8B7C9101}.Debug|x64.ActiveCfg = Debug|Any CPU
		{8E2C7F2D-7C44-4F0F-BB1B-0E2E8B7C9101}.Debug|x64.Build.0 = Debug|Any CPU
		{8E2C7F2D-7C44-4F0F-BB1B-0E2E8B7C9101}.Debug|x64.Deploy.0 = Debug|Any CPU
		{8E2C7F2D-7C44-4F0F-BB1B-0E2E8B7C9101}.Debug|x86.ActiveCfg = Debug|Any CPU
		{8E2C7F2D-7C44-4F0F-BB1B-0E2E8B7C9101}.Debug|x86.Build.0 = Debug|Any CPU
		{8E2C7F2D-7C44-4F0F-BB1B-0E2E8B7C9101}.Debug|x86.Deploy.0 = Debug|Any CPU
		{8E2C7F2D-7C44-4F0F-BB1B-0E2E8B7C9101}.Release|Any CPU.ActiveCfg = Release|Any CPU
		{8E2C7F2D-7C44-4F0F-BB1B-0E2E8B7C9101}.Release|Any CPU.Build.0 = Release|Any CPU
		{8E2C7F2D-7C44-4F0F-BB1B-0E2E8B7C9101}.Release|Any CPU.Deploy.0 = Release|Any CPU
		{8E2C7F2D-7C44-4F0F-BB1B-0E2E8B7C9101}.Release|ARM.ActiveCfg = Release|Any CPU
		{8E2C7F2D-7C44-4F0F-BB1B-0E2E8B7C9101}.Release|ARM.Build.0 = Release|Any CPU
		{8E2C7F2D-7C44-4F0F-BB1B-0E2E8B7C9101}.Release|ARM.Deploy.0 = Release|Any CPU
		{8E2C7F2D-7C44-4F0F-BB1B-0E2E8B7C9101}.Release|ARM64.ActiveCfg = Release|Any CPU
		{8E2C7F2D-7C44-4F0F-BB1B-0E2E8B7C9101}.Release|ARM64.Build.0 = Release|Any CPU
		{8E2C7F2D-7C44-4F0F-BB1B-0E2E8B7C9101}.Release|ARM64.Deploy.0 = Release|Any CPU
		{8E2C7F2D-7C44-4F0F-BB1B-0E2E8B7C9101}.Release|iPhone.ActiveCfg = Release|Any CPU
		{8E2C7F2D-7C44-4F0F-BB1B-0E2E8B7C9101}.Release|iPhone.Build.0 = Release|Any CPU
		{8E2C7F2D-7C44-4F0F-BB1B-0E2E8B7C9101}.Release|iPhone.Deploy.0 = Release|Any CPU
		{8E2C7F2D-7C44-4F0F-BB1B-0E2E8B7C9101}.Release|iPhoneSimulator.ActiveCfg = Release|Any CPU
		{8E2C7F2D-7C44-4F0F-BB1B-0E2E8B7C9101}.Release|iPhoneSimulator.Build.0 = Release|Any CPU
		{8E2C7F2D-7C44-4F0F-BB1B-0E2E8B7C9101}.Release|iPhoneSimulator.Deploy.0 = Release|Any CPU
		{8E2C7F2D-7C44-4F0F-BB1B-0E2E8B7C9101}.Release|x64.ActiveCfg = Release|Any CPU
		{8E2C7F2D-7C44-4F0F-BB1B-0E2E8B7C9101}.Release|x64.Build.0 = Release|Any CPU
		{8E2C7F2D-7C44-4F0F-BB1B-0E2E8B7C9101}.Release|x64.Deploy.0 = Release|Any CPU
		{8E2C7F2D-7C44-4F0F-BB1B-0E2E8B7C9101}.Release|x86.ActiveCfg = Release|Any CPU
		{8E2C7F2D-7C44-4F0F-BB1B-0E2E8B7C9101}.Release|x86.Build.0 = Release|Any CPU
		{8E2C7F2D-7C44-4F0F-BB1B-0E2E8B7C9101}.Release|x86.Deploy.0 = Release|Any CPU
		{D2C6850F-8A26-9293-9E4A-34ABE3DD9A09}.Debug|Any CPU.ActiveCfg = Debug|Any CPU
		{D2C6850F-8A26-9293-9E4A-34ABE3DD9A09}.Debug|Any CPU.Build.0 = Debug|Any CPU
		{D2C6850F-8A26-9293-9E4A-34ABE3DD9A09}.Debug|ARM.ActiveCfg = Debug|Any CPU
		{D2C6850F-8A26-9293-9E4A-34ABE3DD9A09}.Debug|ARM.Build.0 = Debug|Any CPU
		{D2C6850F-8A26-9293-9E4A-34ABE3DD9A09}.Debug|ARM64.ActiveCfg = Debug|Any CPU
		{D2C6850F-8A26-9293-9E4A-34ABE3DD9A09}.Debug|ARM64.Build.0 = Debug|Any CPU
		{D2C6850F-8A26-9293-9E4A-34ABE3DD9A09}.Debug|iPhone.ActiveCfg = Debug|Any CPU
		{D2C6850F-8A26-9293-9E4A-34ABE3DD9A09}.Debug|iPhone.Build.0 = Debug|Any CPU
		{D2C6850F-8A26-9293-9E4A-34ABE3DD9A09}.Debug|iPhoneSimulator.ActiveCfg = Debug|Any CPU
		{D2C6850F-8A26-9293-9E4A-34ABE3DD9A09}.Debug|iPhoneSimulator.Build.0 = Debug|Any CPU
		{D2C6850F-8A26-9293-9E4A-34ABE3DD9A09}.Debug|x64.ActiveCfg = Debug|Any CPU
		{D2C6850F-8A26-9293-9E4A-34ABE3DD9A09}.Debug|x64.Build.0 = Debug|Any CPU
		{D2C6850F-8A26-9293-9E4A-34ABE3DD9A09}.Debug|x86.ActiveCfg = Debug|Any CPU
		{D2C6850F-8A26-9293-9E4A-34ABE3DD9A09}.Debug|x86.Build.0 = Debug|Any CPU
		{D2C6850F-8A26-9293-9E4A-34ABE3DD9A09}.Release|Any CPU.ActiveCfg = Release|Any CPU
		{D2C6850F-8A26-9293-9E4A-34ABE3DD9A09}.Release|Any CPU.Build.0 = Release|Any CPU
		{D2C6850F-8A26-9293-9E4A-34ABE3DD9A09}.Release|ARM.ActiveCfg = Release|Any CPU
		{D2C6850F-8A26-9293-9E4A-34ABE3DD9A09}.Release|ARM.Build.0 = Release|Any CPU
		{D2C6850F-8A26-9293-9E4A-34ABE3DD9A09}.Release|ARM64.ActiveCfg = Release|Any CPU
		{D2C6850F-8A26-9293-9E4A-34ABE3DD9A09}.Release|ARM64.Build.0 = Release|Any CPU
		{D2C6850F-8A26-9293-9E4A-34ABE3DD9A09}.Release|iPhone.ActiveCfg = Release|Any CPU
		{D2C6850F-8A26-9293-9E4A-34ABE3DD9A09}.Release|iPhone.Build.0 = Release|Any CPU
		{D2C6850F-8A26-9293-9E4A-34ABE3DD9A09}.Release|iPhoneSimulator.ActiveCfg = Release|Any CPU
		{D2C6850F-8A26-9293-9E4A-34ABE3DD9A09}.Release|iPhoneSimulator.Build.0 = Release|Any CPU
		{D2C6850F-8A26-9293-9E4A-34ABE3DD9A09}.Release|x64.ActiveCfg = Release|Any CPU
		{D2C6850F-8A26-9293-9E4A-34ABE3DD9A09}.Release|x64.Build.0 = Release|Any CPU
		{D2C6850F-8A26-9293-9E4A-34ABE3DD9A09}.Release|x86.ActiveCfg = Release|Any CPU
		{D2C6850F-8A26-9293-9E4A-34ABE3DD9A09}.Release|x86.Build.0 = Release|Any CPU
		{4EECD5B2-DA21-8AF2-25B8-864B33D20D50}.Debug|Any CPU.ActiveCfg = Debug|Any CPU
		{4EECD5B2-DA21-8AF2-25B8-864B33D20D50}.Debug|Any CPU.Build.0 = Debug|Any CPU
		{4EECD5B2-DA21-8AF2-25B8-864B33D20D50}.Debug|ARM.ActiveCfg = Debug|Any CPU
		{4EECD5B2-DA21-8AF2-25B8-864B33D20D50}.Debug|ARM.Build.0 = Debug|Any CPU
		{4EECD5B2-DA21-8AF2-25B8-864B33D20D50}.Debug|ARM64.ActiveCfg = Debug|Any CPU
		{4EECD5B2-DA21-8AF2-25B8-864B33D20D50}.Debug|ARM64.Build.0 = Debug|Any CPU
		{4EECD5B2-DA21-8AF2-25B8-864B33D20D50}.Debug|iPhone.ActiveCfg = Debug|Any CPU
		{4EECD5B2-DA21-8AF2-25B8-864B33D20D50}.Debug|iPhone.Build.0 = Debug|Any CPU
		{4EECD5B2-DA21-8AF2-25B8-864B33D20D50}.Debug|iPhoneSimulator.ActiveCfg = Debug|Any CPU
		{4EECD5B2-DA21-8AF2-25B8-864B33D20D50}.Debug|iPhoneSimulator.Build.0 = Debug|Any CPU
		{4EECD5B2-DA21-8AF2-25B8-864B33D20D50}.Debug|x64.ActiveCfg = Debug|Any CPU
		{4EECD5B2-DA21-8AF2-25B8-864B33D20D50}.Debug|x64.Build.0 = Debug|Any CPU
		{4EECD5B2-DA21-8AF2-25B8-864B33D20D50}.Debug|x86.ActiveCfg = Debug|Any CPU
		{4EECD5B2-DA21-8AF2-25B8-864B33D20D50}.Debug|x86.Build.0 = Debug|Any CPU
		{4EECD5B2-DA21-8AF2-25B8-864B33D20D50}.Release|Any CPU.ActiveCfg = Release|Any CPU
		{4EECD5B2-DA21-8AF2-25B8-864B33D20D50}.Release|Any CPU.Build.0 = Release|Any CPU
		{4EECD5B2-DA21-8AF2-25B8-864B33D20D50}.Release|ARM.ActiveCfg = Release|Any CPU
		{4EECD5B2-DA21-8AF2-25B8-864B33D20D50}.Release|ARM.Build.0 = Release|Any CPU
		{4EECD5B2-DA21-8AF2-25B8-864B33D20D50}.Release|ARM64.ActiveCfg = Release|Any CPU
		{4EECD5B2-DA21-8AF2-25B8-864B33D20D50}.Release|ARM64.Build.0 = Release|Any CPU
		{4EECD5B2-DA21-8AF2-25B8-864B33D20D50}.Release|iPhone.ActiveCfg = Release|Any CPU
		{4EECD5B2-DA21-8AF2-25B8-864B33D20D50}.Release|iPhone.Build.0 = Release|Any CPU
		{4EECD5B2-DA21-8AF2-25B8-864B33D20D50}.Release|iPhoneSimulator.ActiveCfg = Release|Any CPU
		{4EECD5B2-DA21-8AF2-25B8-864B33D20D50}.Release|iPhoneSimulator.Build.0 = Release|Any CPU
		{4EECD5B2-DA21-8AF2-25B8-864B33D20D50}.Release|x64.ActiveCfg = Release|Any CPU
		{4EECD5B2-DA21-8AF2-25B8-864B33D20D50}.Release|x64.Build.0 = Release|Any CPU
		{4EECD5B2-DA21-8AF2-25B8-864B33D20D50}.Release|x86.ActiveCfg = Release|Any CPU
		{4EECD5B2-DA21-8AF2-25B8-864B33D20D50}.Release|x86.Build.0 = Release|Any CPU
		{97EFE24D-AA65-9143-A67A-06DC902A277B}.Debug|Any CPU.ActiveCfg = Debug|Any CPU
		{97EFE24D-AA65-9143-A67A-06DC902A277B}.Debug|Any CPU.Build.0 = Debug|Any CPU
		{97EFE24D-AA65-9143-A67A-06DC902A277B}.Debug|ARM.ActiveCfg = Debug|Any CPU
		{97EFE24D-AA65-9143-A67A-06DC902A277B}.Debug|ARM.Build.0 = Debug|Any CPU
		{97EFE24D-AA65-9143-A67A-06DC902A277B}.Debug|ARM64.ActiveCfg = Debug|Any CPU
		{97EFE24D-AA65-9143-A67A-06DC902A277B}.Debug|ARM64.Build.0 = Debug|Any CPU
		{97EFE24D-AA65-9143-A67A-06DC902A277B}.Debug|iPhone.ActiveCfg = Debug|Any CPU
		{97EFE24D-AA65-9143-A67A-06DC902A277B}.Debug|iPhone.Build.0 = Debug|Any CPU
		{97EFE24D-AA65-9143-A67A-06DC902A277B}.Debug|iPhoneSimulator.ActiveCfg = Debug|Any CPU
		{97EFE24D-AA65-9143-A67A-06DC902A277B}.Debug|iPhoneSimulator.Build.0 = Debug|Any CPU
		{97EFE24D-AA65-9143-A67A-06DC902A277B}.Debug|x64.ActiveCfg = Debug|Any CPU
		{97EFE24D-AA65-9143-A67A-06DC902A277B}.Debug|x64.Build.0 = Debug|Any CPU
		{97EFE24D-AA65-9143-A67A-06DC902A277B}.Debug|x86.ActiveCfg = Debug|Any CPU
		{97EFE24D-AA65-9143-A67A-06DC902A277B}.Debug|x86.Build.0 = Debug|Any CPU
		{97EFE24D-AA65-9143-A67A-06DC902A277B}.Release|Any CPU.ActiveCfg = Release|Any CPU
		{97EFE24D-AA65-9143-A67A-06DC902A277B}.Release|Any CPU.Build.0 = Release|Any CPU
		{97EFE24D-AA65-9143-A67A-06DC902A277B}.Release|ARM.ActiveCfg = Release|Any CPU
		{97EFE24D-AA65-9143-A67A-06DC902A277B}.Release|ARM.Build.0 = Release|Any CPU
		{97EFE24D-AA65-9143-A67A-06DC902A277B}.Release|ARM64.ActiveCfg = Release|Any CPU
		{97EFE24D-AA65-9143-A67A-06DC902A277B}.Release|ARM64.Build.0 = Release|Any CPU
		{97EFE24D-AA65-9143-A67A-06DC902A277B}.Release|iPhone.ActiveCfg = Release|Any CPU
		{97EFE24D-AA65-9143-A67A-06DC902A277B}.Release|iPhone.Build.0 = Release|Any CPU
		{97EFE24D-AA65-9143-A67A-06DC902A277B}.Release|iPhoneSimulator.ActiveCfg = Release|Any CPU
		{97EFE24D-AA65-9143-A67A-06DC902A277B}.Release|iPhoneSimulator.Build.0 = Release|Any CPU
		{97EFE24D-AA65-9143-A67A-06DC902A277B}.Release|x64.ActiveCfg = Release|Any CPU
		{97EFE24D-AA65-9143-A67A-06DC902A277B}.Release|x64.Build.0 = Release|Any CPU
		{97EFE24D-AA65-9143-A67A-06DC902A277B}.Release|x86.ActiveCfg = Release|Any CPU
		{97EFE24D-AA65-9143-A67A-06DC902A277B}.Release|x86.Build.0 = Release|Any CPU
		{BC348F95-F63E-4339-BA94-D6ADBE38C410}.Debug|Any CPU.ActiveCfg = Debug|Any CPU
		{BC348F95-F63E-4339-BA94-D6ADBE38C410}.Debug|Any CPU.Build.0 = Debug|Any CPU
		{BC348F95-F63E-4339-BA94-D6ADBE38C410}.Debug|ARM.ActiveCfg = Debug|Any CPU
		{BC348F95-F63E-4339-BA94-D6ADBE38C410}.Debug|ARM.Build.0 = Debug|Any CPU
		{BC348F95-F63E-4339-BA94-D6ADBE38C410}.Debug|ARM64.ActiveCfg = Debug|Any CPU
		{BC348F95-F63E-4339-BA94-D6ADBE38C410}.Debug|ARM64.Build.0 = Debug|Any CPU
		{BC348F95-F63E-4339-BA94-D6ADBE38C410}.Debug|iPhone.ActiveCfg = Debug|Any CPU
		{BC348F95-F63E-4339-BA94-D6ADBE38C410}.Debug|iPhone.Build.0 = Debug|Any CPU
		{BC348F95-F63E-4339-BA94-D6ADBE38C410}.Debug|iPhoneSimulator.ActiveCfg = Debug|Any CPU
		{BC348F95-F63E-4339-BA94-D6ADBE38C410}.Debug|iPhoneSimulator.Build.0 = Debug|Any CPU
		{BC348F95-F63E-4339-BA94-D6ADBE38C410}.Debug|x64.ActiveCfg = Debug|Any CPU
		{BC348F95-F63E-4339-BA94-D6ADBE38C410}.Debug|x64.Build.0 = Debug|Any CPU
		{BC348F95-F63E-4339-BA94-D6ADBE38C410}.Debug|x86.ActiveCfg = Debug|Any CPU
		{BC348F95-F63E-4339-BA94-D6ADBE38C410}.Debug|x86.Build.0 = Debug|Any CPU
		{BC348F95-F63E-4339-BA94-D6ADBE38C410}.Release|Any CPU.ActiveCfg = Release|Any CPU
		{BC348F95-F63E-4339-BA94-D6ADBE38C410}.Release|Any CPU.Build.0 = Release|Any CPU
		{BC348F95-F63E-4339-BA94-D6ADBE38C410}.Release|ARM.ActiveCfg = Release|Any CPU
		{BC348F95-F63E-4339-BA94-D6ADBE38C410}.Release|ARM.Build.0 = Release|Any CPU
		{BC348F95-F63E-4339-BA94-D6ADBE38C410}.Release|ARM64.ActiveCfg = Release|Any CPU
		{BC348F95-F63E-4339-BA94-D6ADBE38C410}.Release|ARM64.Build.0 = Release|Any CPU
		{BC348F95-F63E-4339-BA94-D6ADBE38C410}.Release|iPhone.ActiveCfg = Release|Any CPU
		{BC348F95-F63E-4339-BA94-D6ADBE38C410}.Release|iPhone.Build.0 = Release|Any CPU
		{BC348F95-F63E-4339-BA94-D6ADBE38C410}.Release|iPhoneSimulator.ActiveCfg = Release|Any CPU
		{BC348F95-F63E-4339-BA94-D6ADBE38C410}.Release|iPhoneSimulator.Build.0 = Release|Any CPU
		{BC348F95-F63E-4339-BA94-D6ADBE38C410}.Release|x64.ActiveCfg = Release|Any CPU
		{BC348F95-F63E-4339-BA94-D6ADBE38C410}.Release|x64.Build.0 = Release|Any CPU
		{BC348F95-F63E-4339-BA94-D6ADBE38C410}.Release|x86.ActiveCfg = Release|Any CPU
		{BC348F95-F63E-4339-BA94-D6ADBE38C410}.Release|x86.Build.0 = Release|Any CPU
	EndGlobalSection
	GlobalSection(SolutionProperties) = preSolution
		HideSolutionNode = FALSE
	EndGlobalSection
	GlobalSection(NestedProjects) = preSolution
		{BC348F95-F63E-4339-BA94-D6ADBE38C410} = {0AB3BF05-4346-4AA6-1389-037BE0695223}
	EndGlobalSection
	GlobalSection(ExtensibilityGlobals) = postSolution
		SolutionGuid = {7B4D5F1E-2A6E-4D4B-9F8C-3E1F7A2C5B40}
	EndGlobalSection
EndGlobal
